// !$*UTF8*$!
{
	archiveVersion = 1;
	classes = {
	};
	objectVersion = 46;
	objects = {

/* Begin PBXBuildFile section */
		6A2ADCD77500A21D9F9024DA /* Pods_MineSafe.framework in Frameworks */ = {isa = PBXBuildFile; fileRef = C14BF714A0C6C4E70CEE8D93 /* Pods_MineSafe.framework */; };
		C52056911CD45DFA0015A465 /* AppDelegate.swift in Sources */ = {isa = PBXBuildFile; fileRef = C52056901CD45DFA0015A465 /* AppDelegate.swift */; };
		C52056961CD45DFA0015A465 /* Main.storyboard in Resources */ = {isa = PBXBuildFile; fileRef = C52056941CD45DFA0015A465 /* Main.storyboard */; };
		C52056981CD45DFA0015A465 /* Assets.xcassets in Resources */ = {isa = PBXBuildFile; fileRef = C52056971CD45DFA0015A465 /* Assets.xcassets */; };
		C520569B1CD45DFA0015A465 /* LaunchScreen.storyboard in Resources */ = {isa = PBXBuildFile; fileRef = C52056991CD45DFA0015A465 /* LaunchScreen.storyboard */; };
		C52056A31CD4674F0015A465 /* DestinationTableViewController.swift in Sources */ = {isa = PBXBuildFile; fileRef = C52056A21CD4674F0015A465 /* DestinationTableViewController.swift */; };
		C52056A51CD50FDD0015A465 /* Destination.swift in Sources */ = {isa = PBXBuildFile; fileRef = C52056A41CD50FDD0015A465 /* Destination.swift */; };
/* End PBXBuildFile section */

/* Begin PBXFileReference section */
		284B258EB417A9E61D3288E3 /* Pods-MineSafe.release.xcconfig */ = {isa = PBXFileReference; includeInIndex = 1; lastKnownFileType = text.xcconfig; name = "Pods-MineSafe.release.xcconfig"; path = "Pods/Target Support Files/Pods-MineSafe/Pods-MineSafe.release.xcconfig"; sourceTree = "<group>"; };
		AC0E5D8E4D089431B5905527 /* Pods-MineSafe.debug.xcconfig */ = {isa = PBXFileReference; includeInIndex = 1; lastKnownFileType = text.xcconfig; name = "Pods-MineSafe.debug.xcconfig"; path = "Pods/Target Support Files/Pods-MineSafe/Pods-MineSafe.debug.xcconfig"; sourceTree = "<group>"; };
		C14BF714A0C6C4E70CEE8D93 /* Pods_MineSafe.framework */ = {isa = PBXFileReference; explicitFileType = wrapper.framework; includeInIndex = 0; path = Pods_MineSafe.framework; sourceTree = BUILT_PRODUCTS_DIR; };
		C520568D1CD45DFA0015A465 /* MineSafe.app */ = {isa = PBXFileReference; explicitFileType = wrapper.application; includeInIndex = 0; path = MineSafe.app; sourceTree = BUILT_PRODUCTS_DIR; };
		C52056901CD45DFA0015A465 /* AppDelegate.swift */ = {isa = PBXFileReference; lastKnownFileType = sourcecode.swift; path = AppDelegate.swift; sourceTree = "<group>"; };
		C52056951CD45DFA0015A465 /* Base */ = {isa = PBXFileReference; lastKnownFileType = file.storyboard; name = Base; path = Base.lproj/Main.storyboard; sourceTree = "<group>"; };
		C52056971CD45DFA0015A465 /* Assets.xcassets */ = {isa = PBXFileReference; lastKnownFileType = folder.assetcatalog; path = Assets.xcassets; sourceTree = "<group>"; };
		C520569A1CD45DFA0015A465 /* Base */ = {isa = PBXFileReference; lastKnownFileType = file.storyboard; name = Base; path = Base.lproj/LaunchScreen.storyboard; sourceTree = "<group>"; };
		C520569C1CD45DFA0015A465 /* Info.plist */ = {isa = PBXFileReference; lastKnownFileType = text.plist.xml; path = Info.plist; sourceTree = "<group>"; };
		C52056A21CD4674F0015A465 /* DestinationTableViewController.swift */ = {isa = PBXFileReference; fileEncoding = 4; lastKnownFileType = sourcecode.swift; path = DestinationTableViewController.swift; sourceTree = "<group>"; };
		C52056A41CD50FDD0015A465 /* Destination.swift */ = {isa = PBXFileReference; fileEncoding = 4; lastKnownFileType = sourcecode.swift; path = Destination.swift; sourceTree = "<group>"; };
/* End PBXFileReference section */

/* Begin PBXFrameworksBuildPhase section */
		C520568A1CD45DFA0015A465 /* Frameworks */ = {
			isa = PBXFrameworksBuildPhase;
			buildActionMask = 2147483647;
			files = (
				6A2ADCD77500A21D9F9024DA /* Pods_MineSafe.framework in Frameworks */,
			);
			runOnlyForDeploymentPostprocessing = 0;
		};
/* End PBXFrameworksBuildPhase section */

/* Begin PBXGroup section */
		263A10812640886A608C6B30 /* Pods */ = {
			isa = PBXGroup;
			children = (
				AC0E5D8E4D089431B5905527 /* Pods-MineSafe.debug.xcconfig */,
				284B258EB417A9E61D3288E3 /* Pods-MineSafe.release.xcconfig */,
			);
			name = Pods;
			sourceTree = "<group>";
		};
		C52056841CD45DFA0015A465 = {
			isa = PBXGroup;
			children = (
				C520568F1CD45DFA0015A465 /* MineSafe */,
				C520568E1CD45DFA0015A465 /* Products */,
				263A10812640886A608C6B30 /* Pods */,
				F3665DF2B480134C9E88F938 /* Frameworks */,
			);
			sourceTree = "<group>";
		};
		C520568E1CD45DFA0015A465 /* Products */ = {
			isa = PBXGroup;
			children = (
				C520568D1CD45DFA0015A465 /* MineSafe.app */,
			);
			name = Products;
			sourceTree = "<group>";
		};
		C520568F1CD45DFA0015A465 /* MineSafe */ = {
			isa = PBXGroup;
			children = (
				C52056901CD45DFA0015A465 /* AppDelegate.swift */,
				C52056A21CD4674F0015A465 /* DestinationTableViewController.swift */,
				C52056A41CD50FDD0015A465 /* Destination.swift */,
				C52056941CD45DFA0015A465 /* Main.storyboard */,
				C52056971CD45DFA0015A465 /* Assets.xcassets */,
				C52056991CD45DFA0015A465 /* LaunchScreen.storyboard */,
				C520569C1CD45DFA0015A465 /* Info.plist */,
			);
			path = MineSafe;
			sourceTree = "<group>";
		};
		F3665DF2B480134C9E88F938 /* Frameworks */ = {
			isa = PBXGroup;
			children = (
				C14BF714A0C6C4E70CEE8D93 /* Pods_MineSafe.framework */,
			);
			name = Frameworks;
			sourceTree = "<group>";
		};
/* End PBXGroup section */

/* Begin PBXNativeTarget section */
		C520568C1CD45DFA0015A465 /* MineSafe */ = {
			isa = PBXNativeTarget;
			buildConfigurationList = C520569F1CD45DFA0015A465 /* Build configuration list for PBXNativeTarget "MineSafe" */;
			buildPhases = (
				873A79D2C8778EAEAC09C211 /* Check Pods Manifest.lock */,
				C52056891CD45DFA0015A465 /* Sources */,
				C520568A1CD45DFA0015A465 /* Frameworks */,
				C520568B1CD45DFA0015A465 /* Resources */,
				AC1BE105F8AF1A17A9AC8F03 /* Embed Pods Frameworks */,
				23E4CFCE2B96CAB80D04E11E /* Copy Pods Resources */,
			);
			buildRules = (
			);
			dependencies = (
			);
			name = MineSafe;
			productName = MineSafe;
			productReference = C520568D1CD45DFA0015A465 /* MineSafe.app */;
			productType = "com.apple.product-type.application";
		};
/* End PBXNativeTarget section */

/* Begin PBXProject section */
		C52056851CD45DFA0015A465 /* Project object */ = {
			isa = PBXProject;
			attributes = {
				LastSwiftUpdateCheck = 0730;
				LastUpgradeCheck = 0730;
				ORGANIZATIONNAME = "Carlos Bautista Designs";
				TargetAttributes = {
					C520568C1CD45DFA0015A465 = {
						CreatedOnToolsVersion = 7.3;
					};
				};
			};
			buildConfigurationList = C52056881CD45DFA0015A465 /* Build configuration list for PBXProject "MineSafe" */;
			compatibilityVersion = "Xcode 3.2";
			developmentRegion = English;
			hasScannedForEncodings = 0;
			knownRegions = (
				en,
				Base,
			);
			mainGroup = C52056841CD45DFA0015A465;
			productRefGroup = C520568E1CD45DFA0015A465 /* Products */;
			projectDirPath = "";
			projectRoot = "";
			targets = (
				C520568C1CD45DFA0015A465 /* MineSafe */,
			);
		};
/* End PBXProject section */

/* Begin PBXResourcesBuildPhase section */
		C520568B1CD45DFA0015A465 /* Resources */ = {
			isa = PBXResourcesBuildPhase;
			buildActionMask = 2147483647;
			files = (
				C520569B1CD45DFA0015A465 /* LaunchScreen.storyboard in Resources */,
				C52056981CD45DFA0015A465 /* Assets.xcassets in Resources */,
				C52056961CD45DFA0015A465 /* Main.storyboard in Resources */,
			);
			runOnlyForDeploymentPostprocessing = 0;
		};
/* End PBXResourcesBuildPhase section */

/* Begin PBXShellScriptBuildPhase section */
		23E4CFCE2B96CAB80D04E11E /* Copy Pods Resources */ = {
			isa = PBXShellScriptBuildPhase;
			buildActionMask = 2147483647;
			files = (
			);
			inputPaths = (
			);
			name = "Copy Pods Resources";
			outputPaths = (
			);
			runOnlyForDeploymentPostprocessing = 0;
			shellPath = /bin/sh;
			shellScript = "\"${SRCROOT}/Pods/Target Support Files/Pods-MineSafe/Pods-MineSafe-resources.sh\"\n";
			showEnvVarsInLog = 0;
		};
		873A79D2C8778EAEAC09C211 /* Check Pods Manifest.lock */ = {
			isa = PBXShellScriptBuildPhase;
			buildActionMask = 2147483647;
			files = (
			);
			inputPaths = (
			);
			name = "Check Pods Manifest.lock";
			outputPaths = (
			);
			runOnlyForDeploymentPostprocessing = 0;
			shellPath = /bin/sh;
			shellScript = "diff \"${PODS_ROOT}/../Podfile.lock\" \"${PODS_ROOT}/Manifest.lock\" > /dev/null\nif [[ $? != 0 ]] ; then\n    cat << EOM\nerror: The sandbox is not in sync with the Podfile.lock. Run 'pod install' or update your CocoaPods installation.\nEOM\n    exit 1\nfi\n";
			showEnvVarsInLog = 0;
		};
		AC1BE105F8AF1A17A9AC8F03 /* Embed Pods Frameworks */ = {
			isa = PBXShellScriptBuildPhase;
			buildActionMask = 2147483647;
			files = (
			);
			inputPaths = (
			);
			name = "Embed Pods Frameworks";
			outputPaths = (
			);
			runOnlyForDeploymentPostprocessing = 0;
			shellPath = /bin/sh;
			shellScript = "\"${SRCROOT}/Pods/Target Support Files/Pods-MineSafe/Pods-MineSafe-frameworks.sh\"\n";
			showEnvVarsInLog = 0;
		};
/* End PBXShellScriptBuildPhase section */

/* Begin PBXSourcesBuildPhase section */
		C52056891CD45DFA0015A465 /* Sources */ = {
			isa = PBXSourcesBuildPhase;
			buildActionMask = 2147483647;
			files = (
				C52056A31CD4674F0015A465 /* DestinationTableViewController.swift in Sources */,
				C52056911CD45DFA0015A465 /* AppDelegate.swift in Sources */,
				C52056A51CD50FDD0015A465 /* Destination.swift in Sources */,
			);
			runOnlyForDeploymentPostprocessing = 0;
		};
/* End PBXSourcesBuildPhase section */

/* Begin PBXVariantGroup section */
		C52056941CD45DFA0015A465 /* Main.storyboard */ = {
			isa = PBXVariantGroup;
			children = (
				C52056951CD45DFA0015A465 /* Base */,
			);
			name = Main.storyboard;
			sourceTree = "<group>";
		};
		C52056991CD45DFA0015A465 /* LaunchScreen.storyboard */ = {
			isa = PBXVariantGroup;
			children = (
				C520569A1CD45DFA0015A465 /* Base */,
			);
			name = LaunchScreen.storyboard;
			sourceTree = "<group>";
		};
/* End PBXVariantGroup section */

/* Begin XCBuildConfiguration section */
		C520569D1CD45DFA0015A465 /* Debug */ = {
			isa = XCBuildConfiguration;
			buildSettings = {
				ALWAYS_SEARCH_USER_PATHS = NO;
				CLANG_ANALYZER_NONNULL = YES;
				CLANG_CXX_LANGUAGE_STANDARD = "gnu++0x";
				CLANG_CXX_LIBRARY = "libc++";
				CLANG_ENABLE_MODULES = YES;
				CLANG_ENABLE_OBJC_ARC = YES;
				CLANG_WARN_BOOL_CONVERSION = YES;
				CLANG_WARN_CONSTANT_CONVERSION = YES;
				CLANG_WARN_DIRECT_OBJC_ISA_USAGE = YES_ERROR;
				CLANG_WARN_EMPTY_BODY = YES;
				CLANG_WARN_ENUM_CONVERSION = YES;
				CLANG_WARN_INT_CONVERSION = YES;
				CLANG_WARN_OBJC_ROOT_CLASS = YES_ERROR;
				CLANG_WARN_UNREACHABLE_CODE = YES;
				CLANG_WARN__DUPLICATE_METHOD_MATCH = YES;
				"CODE_SIGN_IDENTITY[sdk=iphoneos*]" = "iPhone Developer";
				COPY_PHASE_STRIP = NO;
				DEBUG_INFORMATION_FORMAT = dwarf;
				ENABLE_STRICT_OBJC_MSGSEND = YES;
				ENABLE_TESTABILITY = YES;
				GCC_C_LANGUAGE_STANDARD = gnu99;
				GCC_DYNAMIC_NO_PIC = NO;
				GCC_NO_COMMON_BLOCKS = YES;
				GCC_OPTIMIZATION_LEVEL = 0;
				GCC_PREPROCESSOR_DEFINITIONS = (
					"DEBUG=1",
					"$(inherited)",
				);
				GCC_WARN_64_TO_32_BIT_CONVERSION = YES;
				GCC_WARN_ABOUT_RETURN_TYPE = YES_ERROR;
				GCC_WARN_UNDECLARED_SELECTOR = YES;
				GCC_WARN_UNINITIALIZED_AUTOS = YES_AGGRESSIVE;
				GCC_WARN_UNUSED_FUNCTION = YES;
				GCC_WARN_UNUSED_VARIABLE = YES;
				IPHONEOS_DEPLOYMENT_TARGET = 9.3;
				MTL_ENABLE_DEBUG_INFO = YES;
				ONLY_ACTIVE_ARCH = YES;
				SDKROOT = iphoneos;
				SWIFT_OPTIMIZATION_LEVEL = "-Onone";
				TARGETED_DEVICE_FAMILY = "1,2";
			};
			name = Debug;
		};
		C520569E1CD45DFA0015A465 /* Release */ = {
			isa = XCBuildConfiguration;
			buildSettings = {
				ALWAYS_SEARCH_USER_PATHS = NO;
				CLANG_ANALYZER_NONNULL = YES;
				CLANG_CXX_LANGUAGE_STANDARD = "gnu++0x";
				CLANG_CXX_LIBRARY = "libc++";
				CLANG_ENABLE_MODULES = YES;
				CLANG_ENABLE_OBJC_ARC = YES;
				CLANG_WARN_BOOL_CONVERSION = YES;
				CLANG_WARN_CONSTANT_CONVERSION = YES;
				CLANG_WARN_DIRECT_OBJC_ISA_USAGE = YES_ERROR;
				CLANG_WARN_EMPTY_BODY = YES;
				CLANG_WARN_ENUM_CONVERSION = YES;
				CLANG_WARN_INT_CONVERSION = YES;
				CLANG_WARN_OBJC_ROOT_CLASS = YES_ERROR;
				CLANG_WARN_UNREACHABLE_CODE = YES;
				CLANG_WARN__DUPLICATE_METHOD_MATCH = YES;
				"CODE_SIGN_IDENTITY[sdk=iphoneos*]" = "iPhone Developer";
				COPY_PHASE_STRIP = NO;
				DEBUG_INFORMATION_FORMAT = "dwarf-with-dsym";
				ENABLE_NS_ASSERTIONS = NO;
				ENABLE_STRICT_OBJC_MSGSEND = YES;
				GCC_C_LANGUAGE_STANDARD = gnu99;
				GCC_NO_COMMON_BLOCKS = YES;
				GCC_WARN_64_TO_32_BIT_CONVERSION = YES;
				GCC_WARN_ABOUT_RETURN_TYPE = YES_ERROR;
				GCC_WARN_UNDECLARED_SELECTOR = YES;
				GCC_WARN_UNINITIALIZED_AUTOS = YES_AGGRESSIVE;
				GCC_WARN_UNUSED_FUNCTION = YES;
				GCC_WARN_UNUSED_VARIABLE = YES;
				IPHONEOS_DEPLOYMENT_TARGET = 9.3;
				MTL_ENABLE_DEBUG_INFO = NO;
				SDKROOT = iphoneos;
				TARGETED_DEVICE_FAMILY = "1,2";
				VALIDATE_PRODUCT = YES;
			};
			name = Release;
		};
		C52056A01CD45DFA0015A465 /* Debug */ = {
			isa = XCBuildConfiguration;
			baseConfigurationReference = AC0E5D8E4D089431B5905527 /* Pods-MineSafe.debug.xcconfig */;
			buildSettings = {
				ASSETCATALOG_COMPILER_APPICON_NAME = AppIcon;
				CODE_SIGN_IDENTITY = "iPhone Developer";
				INFOPLIST_FILE = MineSafe/Info.plist;
				LD_RUNPATH_SEARCH_PATHS = "$(inherited) @executable_path/Frameworks";
				PRODUCT_BUNDLE_IDENTIFIER = com.cbautistadesigns.MineSafe;
				PRODUCT_NAME = "$(TARGET_NAME)";
			};
			name = Debug;
		};
		C52056A11CD45DFA0015A465 /* Release */ = {
			isa = XCBuildConfiguration;
			baseConfigurationReference = 284B258EB417A9E61D3288E3 /* Pods-MineSafe.release.xcconfig */;
			buildSettings = {
				ASSETCATALOG_COMPILER_APPICON_NAME = AppIcon;
				CODE_SIGN_IDENTITY = "iPhone Developer";
				INFOPLIST_FILE = MineSafe/Info.plist;
				LD_RUNPATH_SEARCH_PATHS = "$(inherited) @executable_path/Frameworks";
				PRODUCT_BUNDLE_IDENTIFIER = com.cbautistadesigns.MineSafe;
				PRODUCT_NAME = "$(TARGET_NAME)";
			};
			name = Release;
		};
/* End XCBuildConfiguration section */

/* Begin XCConfigurationList section */
		C52056881CD45DFA0015A465 /* Build configuration list for PBXProject "MineSafe" */ = {
			isa = XCConfigurationList;
			buildConfigurations = (
				C520569D1CD45DFA0015A465 /* Debug */,
				C520569E1CD45DFA0015A465 /* Release */,
			);
			defaultConfigurationIsVisible = 0;
			defaultConfigurationName = Release;
		};
		C520569F1CD45DFA0015A465 /* Build configuration list for PBXNativeTarget "MineSafe" */ = {
			isa = XCConfigurationList;
			buildConfigurations = (
				C52056A01CD45DFA0015A465 /* Debug */,
				C52056A11CD45DFA0015A465 /* Release */,
			);
			defaultConfigurationIsVisible = 0;
			defaultConfigurationName = Release;
		};
/* End XCConfigurationList section */
	};
	rootObject = C52056851CD45DFA0015A465 /* Project object */;
}
