// !$*UTF8*$!
{
	archiveVersion = 1;
	classes = {
	};
	objectVersion = 46;
	objects = {

/* Begin PBXBuildFile section */
		2930420A1CD82B5C00B43137 /* AppDelegate.swift in Sources */ = {isa = PBXBuildFile; fileRef = 293042091CD82B5C00B43137 /* AppDelegate.swift */; };
		2930420C1CD82B5C00B43137 /* PathViewController.swift in Sources */ = {isa = PBXBuildFile; fileRef = 2930420B1CD82B5C00B43137 /* PathViewController.swift */; };
		293042111CD82B5C00B43137 /* Assets.xcassets in Resources */ = {isa = PBXBuildFile; fileRef = 293042101CD82B5C00B43137 /* Assets.xcassets */; };
		293042141CD82B5C00B43137 /* LaunchScreen.storyboard in Resources */ = {isa = PBXBuildFile; fileRef = 293042121CD82B5C00B43137 /* LaunchScreen.storyboard */; };
		29F2E98E1CD83E6A0083526F /* MapOptionsViewController.swift in Sources */ = {isa = PBXBuildFile; fileRef = 29F2E98D1CD83E6A0083526F /* MapOptionsViewController.swift */; };
		29F2E9911CD853990083526F /* Main.storyboard in Resources */ = {isa = PBXBuildFile; fileRef = 29F2E98F1CD853990083526F /* Main.storyboard */; };
		29F2E9931CD85AD90083526F /* Destination.swift in Sources */ = {isa = PBXBuildFile; fileRef = 29F2E9921CD85AD90083526F /* Destination.swift */; };
/* End PBXBuildFile section */

/* Begin PBXFileReference section */
		293042061CD82B5C00B43137 /* MineSafe_Ultimate.app */ = {isa = PBXFileReference; explicitFileType = wrapper.application; includeInIndex = 0; path = MineSafe_Ultimate.app; sourceTree = BUILT_PRODUCTS_DIR; };
		293042091CD82B5C00B43137 /* AppDelegate.swift */ = {isa = PBXFileReference; lastKnownFileType = sourcecode.swift; path = AppDelegate.swift; sourceTree = "<group>"; };
		2930420B1CD82B5C00B43137 /* PathViewController.swift */ = {isa = PBXFileReference; lastKnownFileType = sourcecode.swift; path = PathViewController.swift; sourceTree = "<group>"; };
		293042101CD82B5C00B43137 /* Assets.xcassets */ = {isa = PBXFileReference; lastKnownFileType = folder.assetcatalog; path = Assets.xcassets; sourceTree = "<group>"; };
		293042131CD82B5C00B43137 /* Base */ = {isa = PBXFileReference; lastKnownFileType = file.storyboard; name = Base; path = Base.lproj/LaunchScreen.storyboard; sourceTree = "<group>"; };
		293042151CD82B5C00B43137 /* Info.plist */ = {isa = PBXFileReference; lastKnownFileType = text.plist.xml; path = Info.plist; sourceTree = "<group>"; };
		29F2E98D1CD83E6A0083526F /* MapOptionsViewController.swift */ = {isa = PBXFileReference; fileEncoding = 4; lastKnownFileType = sourcecode.swift; path = MapOptionsViewController.swift; sourceTree = "<group>"; };
		29F2E9901CD853990083526F /* Base */ = {isa = PBXFileReference; lastKnownFileType = file.storyboard; name = Base; path = MineSafe_Ultimate/Base.lproj/Main.storyboard; sourceTree = "<group>"; };
		29F2E9921CD85AD90083526F /* Destination.swift */ = {isa = PBXFileReference; fileEncoding = 4; lastKnownFileType = sourcecode.swift; path = Destination.swift; sourceTree = "<group>"; };
/* End PBXFileReference section */

/* Begin PBXFrameworksBuildPhase section */
		293042031CD82B5C00B43137 /* Frameworks */ = {
			isa = PBXFrameworksBuildPhase;
			buildActionMask = 2147483647;
			files = (
			);
			runOnlyForDeploymentPostprocessing = 0;
		};
/* End PBXFrameworksBuildPhase section */

/* Begin PBXGroup section */
		293041FD1CD82B5C00B43137 = {
			isa = PBXGroup;
			children = (
				293042081CD82B5C00B43137 /* MineSafe_Ultimate */,
				293042071CD82B5C00B43137 /* Products */,
			);
			sourceTree = "<group>";
		};
		293042071CD82B5C00B43137 /* Products */ = {
			isa = PBXGroup;
			children = (
				293042061CD82B5C00B43137 /* MineSafe_Ultimate.app */,
			);
			name = Products;
			sourceTree = "<group>";
		};
		293042081CD82B5C00B43137 /* MineSafe_Ultimate */ = {
			isa = PBXGroup;
			children = (
				293042091CD82B5C00B43137 /* AppDelegate.swift */,
				2930420B1CD82B5C00B43137 /* PathViewController.swift */,
				29F2E98D1CD83E6A0083526F /* MapOptionsViewController.swift */,
				29F2E9921CD85AD90083526F /* Destination.swift */,
				29F2E98F1CD853990083526F /* Main.storyboard */,
				293042101CD82B5C00B43137 /* Assets.xcassets */,
				293042121CD82B5C00B43137 /* LaunchScreen.storyboard */,
				293042151CD82B5C00B43137 /* Info.plist */,
			);
			path = MineSafe_Ultimate;
			sourceTree = "<group>";
		};
/* End PBXGroup section */

/* Begin PBXNativeTarget section */
		293042051CD82B5C00B43137 /* MineSafe_Ultimate */ = {
			isa = PBXNativeTarget;
			buildConfigurationList = 293042181CD82B5C00B43137 /* Build configuration list for PBXNativeTarget "MineSafe_Ultimate" */;
			buildPhases = (
				293042021CD82B5C00B43137 /* Sources */,
				293042031CD82B5C00B43137 /* Frameworks */,
				293042041CD82B5C00B43137 /* Resources */,
			);
			buildRules = (
			);
			dependencies = (
			);
			name = MineSafe_Ultimate;
			productName = MineSafe_Ultimate;
			productReference = 293042061CD82B5C00B43137 /* MineSafe_Ultimate.app */;
			productType = "com.apple.product-type.application";
		};
/* End PBXNativeTarget section */

/* Begin PBXProject section */
		293041FE1CD82B5C00B43137 /* Project object */ = {
			isa = PBXProject;
			attributes = {
				LastSwiftUpdateCheck = 0730;
				LastUpgradeCheck = 0730;
				ORGANIZATIONNAME = cbautista;
				TargetAttributes = {
					293042051CD82B5C00B43137 = {
						CreatedOnToolsVersion = 7.3;
						DevelopmentTeam = T3FWTH524Q;
					};
				};
			};
			buildConfigurationList = 293042011CD82B5C00B43137 /* Build configuration list for PBXProject "MineSafe_Ultimate" */;
			compatibilityVersion = "Xcode 3.2";
			developmentRegion = English;
			hasScannedForEncodings = 0;
			knownRegions = (
				en,
				Base,
			);
			mainGroup = 293041FD1CD82B5C00B43137;
			productRefGroup = 293042071CD82B5C00B43137 /* Products */;
			projectDirPath = "";
			projectRoot = "";
			targets = (
				293042051CD82B5C00B43137 /* MineSafe_Ultimate */,
			);
		};
/* End PBXProject section */

/* Begin PBXResourcesBuildPhase section */
		293042041CD82B5C00B43137 /* Resources */ = {
			isa = PBXResourcesBuildPhase;
			buildActionMask = 2147483647;
			files = (
				29F2E9911CD853990083526F /* Main.storyboard in Resources */,
				293042141CD82B5C00B43137 /* LaunchScreen.storyboard in Resources */,
				293042111CD82B5C00B43137 /* Assets.xcassets in Resources */,
			);
			runOnlyForDeploymentPostprocessing = 0;
		};
/* End PBXResourcesBuildPhase section */

/* Begin PBXSourcesBuildPhase section */
		293042021CD82B5C00B43137 /* Sources */ = {
			isa = PBXSourcesBuildPhase;
			buildActionMask = 2147483647;
			files = (
				2930420C1CD82B5C00B43137 /* PathViewController.swift in Sources */,
				29F2E98E1CD83E6A0083526F /* MapOptionsViewController.swift in Sources */,
				29F2E9931CD85AD90083526F /* Destination.swift in Sources */,
				2930420A1CD82B5C00B43137 /* AppDelegate.swift in Sources */,
			);
			runOnlyForDeploymentPostprocessing = 0;
		};
/* End PBXSourcesBuildPhase section */

/* Begin PBXVariantGroup section */
		293042121CD82B5C00B43137 /* LaunchScreen.storyboard */ = {
			isa = PBXVariantGroup;
			children = (
				293042131CD82B5C00B43137 /* Base */,
			);
			name = LaunchScreen.storyboard;
			sourceTree = "<group>";
		};
		29F2E98F1CD853990083526F /* Main.storyboard */ = {
			isa = PBXVariantGroup;
			children = (
				29F2E9901CD853990083526F /* Base */,
			);
			name = Main.storyboard;
			path = ..;
			sourceTree = "<group>";
		};
/* End PBXVariantGroup section */

/* Begin XCBuildConfiguration section */
		293042161CD82B5C00B43137 /* Debug */ = {
			isa = XCBuildConfiguration;
			buildSettings = {
				ALWAYS_SEARCH_USER_PATHS = NO;
				CLANG_ANALYZER_NONNULL = YES;
				CLANG_CXX_LANGUAGE_STANDARD = "gnu++0x";
				CLANG_CXX_LIBRARY = "libc++";
				CLANG_ENABLE_MODULES = YES;
				CLANG_ENABLE_OBJC_ARC = YES;
				CLANG_WARN_BOOL_CONVERSION = YES;
				CLANG_WARN_CONSTANT_CONVERSION = YES;
				CLANG_WARN_DIRECT_OBJC_ISA_USAGE = YES_ERROR;
				CLANG_WARN_EMPTY_BODY = YES;
				CLANG_WARN_ENUM_CONVERSION = YES;
				CLANG_WARN_INT_CONVERSION = YES;
				CLANG_WARN_OBJC_ROOT_CLASS = YES_ERROR;
				CLANG_WARN_UNREACHABLE_CODE = YES;
				CLANG_WARN__DUPLICATE_METHOD_MATCH = YES;
				"CODE_SIGN_IDENTITY[sdk=iphoneos*]" = "iPhone Developer";
				COPY_PHASE_STRIP = NO;
				DEBUG_INFORMATION_FORMAT = dwarf;
				ENABLE_STRICT_OBJC_MSGSEND = YES;
				ENABLE_TESTABILITY = YES;
				GCC_C_LANGUAGE_STANDARD = gnu99;
				GCC_DYNAMIC_NO_PIC = NO;
				GCC_NO_COMMON_BLOCKS = YES;
				GCC_OPTIMIZATION_LEVEL = 0;
				GCC_PREPROCESSOR_DEFINITIONS = (
					"DEBUG=1",
					"$(inherited)",
				);
				GCC_WARN_64_TO_32_BIT_CONVERSION = YES;
				GCC_WARN_ABOUT_RETURN_TYPE = YES_ERROR;
				GCC_WARN_UNDECLARED_SELECTOR = YES;
				GCC_WARN_UNINITIALIZED_AUTOS = YES_AGGRESSIVE;
				GCC_WARN_UNUSED_FUNCTION = YES;
				GCC_WARN_UNUSED_VARIABLE = YES;
				IPHONEOS_DEPLOYMENT_TARGET = 9.3;
				MTL_ENABLE_DEBUG_INFO = YES;
				ONLY_ACTIVE_ARCH = YES;
				SDKROOT = iphoneos;
				SWIFT_OPTIMIZATION_LEVEL = "-Onone";
			};
			name = Debug;
		};
		293042171CD82B5C00B43137 /* Release */ = {
			isa = XCBuildConfiguration;
			buildSettings = {
				ALWAYS_SEARCH_USER_PATHS = NO;
				CLANG_ANALYZER_NONNULL = YES;
				CLANG_CXX_LANGUAGE_STANDARD = "gnu++0x";
				CLANG_CXX_LIBRARY = "libc++";
				CLANG_ENABLE_MODULES = YES;
				CLANG_ENABLE_OBJC_ARC = YES;
				CLANG_WARN_BOOL_CONVERSION = YES;
				CLANG_WARN_CONSTANT_CONVERSION = YES;
				CLANG_WARN_DIRECT_OBJC_ISA_USAGE = YES_ERROR;
				CLANG_WARN_EMPTY_BODY = YES;
				CLANG_WARN_ENUM_CONVERSION = YES;
				CLANG_WARN_INT_CONVERSION = YES;
				CLANG_WARN_OBJC_ROOT_CLASS = YES_ERROR;
				CLANG_WARN_UNREACHABLE_CODE = YES;
				CLANG_WARN__DUPLICATE_METHOD_MATCH = YES;
				"CODE_SIGN_IDENTITY[sdk=iphoneos*]" = "iPhone Developer";
				COPY_PHASE_STRIP = NO;
				DEBUG_INFORMATION_FORMAT = "dwarf-with-dsym";
				ENABLE_NS_ASSERTIONS = NO;
				ENABLE_STRICT_OBJC_MSGSEND = YES;
				GCC_C_LANGUAGE_STANDARD = gnu99;
				GCC_NO_COMMON_BLOCKS = YES;
				GCC_WARN_64_TO_32_BIT_CONVERSION = YES;
				GCC_WARN_ABOUT_RETURN_TYPE = YES_ERROR;
				GCC_WARN_UNDECLARED_SELECTOR = YES;
				GCC_WARN_UNINITIALIZED_AUTOS = YES_AGGRESSIVE;
				GCC_WARN_UNUSED_FUNCTION = YES;
				GCC_WARN_UNUSED_VARIABLE = YES;
				IPHONEOS_DEPLOYMENT_TARGET = 9.3;
				MTL_ENABLE_DEBUG_INFO = NO;
				SDKROOT = iphoneos;
				VALIDATE_PRODUCT = YES;
			};
			name = Release;
		};
		293042191CD82B5C00B43137 /* Debug */ = {
			isa = XCBuildConfiguration;
			buildSettings = {
				ASSETCATALOG_COMPILER_APPICON_NAME = AppIcon;
				INFOPLIST_FILE = MineSafe_Ultimate/Info.plist;
				LD_RUNPATH_SEARCH_PATHS = "$(inherited) @executable_path/Frameworks";
				PRODUCT_BUNDLE_IDENTIFIER = com.cbautistadesign.FirstMapBox;
				PRODUCT_NAME = "$(TARGET_NAME)";
			};
			name = Debug;
		};
		2930421A1CD82B5C00B43137 /* Release */ = {
			isa = XCBuildConfiguration;
			buildSettings = {
				ASSETCATALOG_COMPILER_APPICON_NAME = AppIcon;
				INFOPLIST_FILE = MineSafe_Ultimate/Info.plist;
				LD_RUNPATH_SEARCH_PATHS = "$(inherited) @executable_path/Frameworks";
				PRODUCT_BUNDLE_IDENTIFIER = com.cbautistadesign.FirstMapBox;
				PRODUCT_NAME = "$(TARGET_NAME)";
			};
			name = Release;
		};
/* End XCBuildConfiguration section */

/* Begin XCConfigurationList section */
		293042011CD82B5C00B43137 /* Build configuration list for PBXProject "MineSafe_Ultimate" */ = {
			isa = XCConfigurationList;
			buildConfigurations = (
				293042161CD82B5C00B43137 /* Debug */,
				293042171CD82B5C00B43137 /* Release */,
			);
			defaultConfigurationIsVisible = 0;
			defaultConfigurationName = Release;
		};
		293042181CD82B5C00B43137 /* Build configuration list for PBXNativeTarget "MineSafe_Ultimate" */ = {
			isa = XCConfigurationList;
			buildConfigurations = (
				293042191CD82B5C00B43137 /* Debug */,
				2930421A1CD82B5C00B43137 /* Release */,
			);
			defaultConfigurationIsVisible = 0;
			defaultConfigurationName = Release;
		};
/* End XCConfigurationList section */
	};
	rootObject = 293041FE1CD82B5C00B43137 /* Project object */;
}
